{
  "name": "default-destination",
  "version": "0.1.0",
  "lockfileVersion": 3,
  "requires": true,
  "packages": {
    "": {
      "name": "default-destination",
      "version": "0.1.0",
      "devDependencies": {
        "@crxjs/vite-plugin": "^2.0.0-beta.28",
        "@types/chrome": "^0.0.287",
        "ajv": "^8.17.1",
        "ajv-formats": "^3.0.1",
        "typescript": "^5.7.2",
        "vite": "^6.0.3",
        "vitest": "^2.1.8"
      }
    },
    "node_modules/@crxjs/vite-plugin": {
      "version": "2.7.1",
      "resolved": "https://registry.npmjs.org/@crxjs/vite-plugin/-/vite-plugin-2.7.1.tgz",
      "integrity": "sha512-mn77Lc1ilIvbO7ZqijjNy+AnRgc8srkfHOtV6HrGrYZgRe8YI3aIcSjHJCU5Kq75SejEZGrdAoHdn3gBGeKpEA==",
      "dev": true,
      "license": "MIT",
      "dependencies": {
        "@webcomponents/custom-elements": "^1.5.0",
        "acorn-walk": "^8.3.5",
        "convert-source-map": "^2.0.0",
        "debug": "^4.4.3",
        "es-module-lexer": "^0.10.0",
        "fs-extra": "^11.3.5",
        "jsesc": "^3.0.2",
        "magic-string": "^0.30.12",
        "node-html-parser": "^7.1.0",
        "pathe": "^2.0.1",
        "picocolors": "^1.1.1",
        "rollup": "2.80.0",
        "rxjs": "7.5.7",
        "tinyglobby": "^0.2.17"
      },
      "peerDependencies": {
        "vite": "^3.0.0 || ^4.0.0 || ^5.0.0 || ^6.0.0 || ^7.0.0 || ^8.0.0"
      }
    }
  }
}
