{
  "name": "default-destination",
  "version": "0.1.0",
  "lockfileVersion": 3,
  "requires": true,
  "packages": {
    "": {
      "name": "default-destination",
      "version": "0.1.0",
      "devDependencies": {
        "@crxjs/vite-plugin": "^2.0.0-beta.28",
        "@types/chrome": "^0.0.287",
        "ajv": "^8.17.1",
        "ajv-formats": "^3.0.1",
        "typescript": "^5.7.2",
        "vite": "^6.0.3",
        "vitest": "^2.1.8"
      }
    }
  }
}
